
Microsoft Visual Studio Solution File, Format Version 12.00
# Visual Studio 15
VisualStudioVersion = 15.0.27703.2000
MinimumVisualStudioVersion = 10.0.40219.1
Project("{9A19103F-16F7-4668-BE54-9A1E7A4F7556}") = "CompanyFunctionApp", "CompanyFunctionApp\CompanyFunctionApp.csproj", "{36E9F65D-B0F7-4BB1-AA54-E097B0E674F1}"
EndProject
Project("{FAE04EC0-301F-11D3-BF4B-00C04F79EFBC}") = "CompanyFunctionApp.Test", "CompanyFunctionApp.Test\CompanyFunctionApp.Test.csproj", "{2384325C-B9D1-4DEC-93CF-110934E432F0}"
EndProject
Global
	GlobalSection(SolutionConfigurationPlatforms) = preSolution
		Debug|Any CPU = Debug|Any CPU
		Release|Any CPU = Release|Any CPU
	EndGlobalSection
	GlobalSection(ProjectConfigurationPlatforms) = postSolution
		{36E9F65D-B0F7-4BB1-AA54-E097B0E674F1}.Debug|Any CPU.ActiveCfg = Debug|Any CPU
		{36E9F65D-B0F7-4BB1-AA54-E097B0E674F1}.Debug|Any CPU.Build.0 = Debug|Any CPU
		{36E9F65D-B0F7-4BB1-AA54-E097B0E674F1}.Release|Any CPU.ActiveCfg = Release|Any CPU
		{36E9F65D-B0F7-4BB1-AA54-E097B0E674F1}.Release|Any CPU.Build.0 = Release|Any CPU
		{2384325C-B9D1-4DEC-93CF-110934E432F0}.Debug|Any CPU.ActiveCfg = Debug|Any CPU
		{2384325C-B9D1-4DEC-93CF-110934E432F0}.Debug|Any CPU.Build.0 = Debug|Any CPU
		{2384325C-B9D1-4DEC-93CF-110934E432F0}.Release|Any CPU.ActiveCfg = Release|Any CPU
		{2384325C-B9D1-4DEC-93CF-110934E432F0}.Release|Any CPU.Build.0 = Release|Any CPU
	EndGlobalSection
	GlobalSection(SolutionProperties) = preSolution
		HideSolutionNode = FALSE
	EndGlobalSection
	GlobalSection(ExtensibilityGlobals) = postSolution
		SolutionGuid = {587BE6FD-E6B9-43D3-AEFE-7B21EF089873}
	EndGlobalSection
EndGlobal
